
Microsoft Visual Studio Solution File, Format Version 12.00
# Visual Studio Version 17
VisualStudioVersion = 17.13.35818.85
MinimumVisualStudioVersion = 10.0.40219.1
Project("{FAE04EC0-301F-11D3-BF4B-00C04F79EFBC}") = "NewFizzBuzz.Api", "NewFizzBuzz.Api\NewFizzBuzz.Api.csproj", "{96A4FA94-F7F1-4FF2-886B-3EFF8CF8BBDE}"
EndProject
Project("{FAE04EC0-301F-11D3-BF4B-00C04F79EFBC}") = "NewFizzBuzz.Api.Tests", "NewFizzBuzz.Api.Tests\NewFizzBuzz.Api.Tests.csproj", "{91F359AF-70B0-4A29-8732-057F7F8121F1}"
	ProjectSection(ProjectDependencies) = postProject
		{96A4FA94-F7F1-4FF2-886B-3EFF8CF8BBDE} = {96A4FA94-F7F1-4FF2-886B-3EFF8CF8BBDE}
	EndProjectSection
EndProject
Project("{E53339B2-1760-4266-BCC7-CA923CBCF16C}") = "docker-compose", "docker-compose.dcproj", "{81DDED9D-158B-E303-5F62-77A2896D2A5A}"
EndProject
Global
	GlobalSection(SolutionConfigurationPlatforms) = preSolution
		Debug|Any CPU = Debug|Any CPU
		Release|Any CPU = Release|Any CPU
	EndGlobalSection
	GlobalSection(ProjectConfigurationPlatforms) = postSolution
		{96A4FA94-F7F1-4FF2-886B-3EFF8CF8BBDE}.Debug|Any CPU.ActiveCfg = Debug|Any CPU
		{96A4FA94-F7F1-4FF2-886B-3EFF8CF8BBDE}.Debug|Any CPU.Build.0 = Debug|Any CPU
		{96A4FA94-F7F1-4FF2-886B-3EFF8CF8BBDE}.Release|Any CPU.ActiveCfg = Release|Any CPU
		{96A4FA94-F7F1-4FF2-886B-3EFF8CF8BBDE}.Release|Any CPU.Build.0 = Release|Any CPU
		{91F359AF-70B0-4A29-8732-057F7F8121F1}.Debug|Any CPU.ActiveCfg = Debug|Any CPU
		{91F359AF-70B0-4A29-8732-057F7F8121F1}.Debug|Any CPU.Build.0 = Debug|Any CPU
		{91F359AF-70B0-4A29-8732-057F7F8121F1}.Release|Any CPU.ActiveCfg = Release|Any CPU
		{91F359AF-70B0-4A29-8732-057F7F8121F1}.Release|Any CPU.Build.0 = Release|Any CPU
		{81DDED9D-158B-E303-5F62-77A2896D2A5A}.Debug|Any CPU.ActiveCfg = Debug|Any CPU
		{81DDED9D-158B-E303-5F62-77A2896D2A5A}.Debug|Any CPU.Build.0 = Debug|Any CPU
		{81DDED9D-158B-E303-5F62-77A2896D2A5A}.Release|Any CPU.ActiveCfg = Release|Any CPU
		{81DDED9D-158B-E303-5F62-77A2896D2A5A}.Release|Any CPU.Build.0 = Release|Any CPU
	EndGlobalSection
	GlobalSection(SolutionProperties) = preSolution
		HideSolutionNode = FALSE
	EndGlobalSection
	GlobalSection(ExtensibilityGlobals) = postSolution
		SolutionGuid = {C15FFEBB-4E00-47C5-AD23-D10A3D661A10}
	EndGlobalSection
EndGlobal
